// !$*UTF8*$!
{
	archiveVersion = 1;
	classes = {
	};
	objectVersion = 56;
	objects = {

/* Begin PBXBuildFile section */
		055A51D52C4A629C0042AA4B /* AppDelegate.swift in Sources */ = {isa = PBXBuildFile; fileRef = 055A51D42C4A629C0042AA4B /* AppDelegate.swift */; };
		055A51D72C4A629C0042AA4B /* SceneDelegate.swift in Sources */ = {isa = PBXBuildFile; fileRef = 055A51D62C4A629C0042AA4B /* SceneDelegate.swift */; };
		055A51D92C4A629C0042AA4B /* ViewController.swift in Sources */ = {isa = PBXBuildFile; fileRef = 055A51D82C4A629C0042AA4B /* ViewController.swift */; };
		055A51DF2C4A629C0042AA4B /* Cryptic.xcdatamodeld in Sources */ = {isa = PBXBuildFile; fileRef = 055A51DD2C4A629C0042AA4B /* Cryptic.xcdatamodeld */; };
		055A51E12C4A629E0042AA4B /* Assets.xcassets in Resources */ = {isa = PBXBuildFile; fileRef = 055A51E02C4A629E0042AA4B /* Assets.xcassets */; };
		055A51E42C4A629E0042AA4B /* LaunchScreen.storyboard in Resources */ = {isa = PBXBuildFile; fileRef = 055A51E22C4A629E0042AA4B /* LaunchScreen.storyboard */; };
		055A51EF2C4A629E0042AA4B /* CrypticTests.swift in Sources */ = {isa = PBXBuildFile; fileRef = 055A51EE2C4A629E0042AA4B /* CrypticTests.swift */; };
		055A51F92C4A629E0042AA4B /* CrypticUITests.swift in Sources */ = {isa = PBXBuildFile; fileRef = 055A51F82C4A629E0042AA4B /* CrypticUITests.swift */; };
		055A51FB2C4A629E0042AA4B /* CrypticUITestsLaunchTests.swift in Sources */ = {isa = PBXBuildFile; fileRef = 055A51FA2C4A629E0042AA4B /* CrypticUITestsLaunchTests.swift */; };
		055A520C2C4A63970042AA4B /* APICaller.swift in Sources */ = {isa = PBXBuildFile; fileRef = 055A520B2C4A63970042AA4B /* APICaller.swift */; };
		055A520F2C4A63F40042AA4B /* Extensions.swift in Sources */ = {isa = PBXBuildFile; fileRef = 055A520E2C4A63F40042AA4B /* Extensions.swift */; };
		055A52112C4A64240042AA4B /* Persistence Manager.swift in Sources */ = {isa = PBXBuildFile; fileRef = 055A52102C4A64240042AA4B /* Persistence Manager.swift */; };
		055A52132C4A64400042AA4B /* HapticsManager.swift in Sources */ = {isa = PBXBuildFile; fileRef = 055A52122C4A64400042AA4B /* HapticsManager.swift */; };
		055A52152C4A645D0042AA4B /* WatchListViewController.swift in Sources */ = {isa = PBXBuildFile; fileRef = 055A52142C4A645D0042AA4B /* WatchListViewController.swift */; };
		055A52172C4A648E0042AA4B /* NewsViewController.swift in Sources */ = {isa = PBXBuildFile; fileRef = 055A52162C4A648E0042AA4B /* NewsViewController.swift */; };
		055A52192C4A64A70042AA4B /* SearchResultsViewController.swift in Sources */ = {isa = PBXBuildFile; fileRef = 055A52182C4A64A70042AA4B /* SearchResultsViewController.swift */; };
		055A521B2C4A64B70042AA4B /* StockDetailsViewController.swift in Sources */ = {isa = PBXBuildFile; fileRef = 055A521A2C4A64B70042AA4B /* StockDetailsViewController.swift */; };
		055A521D2C4A65CE0042AA4B /* SearchResultTableViewCell.swift in Sources */ = {isa = PBXBuildFile; fileRef = 055A521C2C4A65CE0042AA4B /* SearchResultTableViewCell.swift */; };
		055A521F2C4A65EC0042AA4B /* NewsHeaderView.swift in Sources */ = {isa = PBXBuildFile; fileRef = 055A521E2C4A65EC0042AA4B /* NewsHeaderView.swift */; };
		055A52212C4A66070042AA4B /* NewsStoryTableViewCell.swift in Sources */ = {isa = PBXBuildFile; fileRef = 055A52202C4A66070042AA4B /* NewsStoryTableViewCell.swift */; };
		055A52232C4A662C0042AA4B /* WatchListTableViewCell.swift in Sources */ = {isa = PBXBuildFile; fileRef = 055A52222C4A662C0042AA4B /* WatchListTableViewCell.swift */; };
		055A52252C4A664A0042AA4B /* StockChartView.swift in Sources */ = {isa = PBXBuildFile; fileRef = 055A52242C4A664A0042AA4B /* StockChartView.swift */; };
		055A52272C4A666A0042AA4B /* StockDetailHeaderView.swift in Sources */ = {isa = PBXBuildFile; fileRef = 055A52262C4A666A0042AA4B /* StockDetailHeaderView.swift */; };
		055A52292C4A66810042AA4B /* MetricCollectionViewCell.swift in Sources */ = {isa = PBXBuildFile; fileRef = 055A52282C4A66810042AA4B /* MetricCollectionViewCell.swift */; };
		055A522B2C4A669C0042AA4B /* SearchResponse.swift in Sources */ = {isa = PBXBuildFile; fileRef = 055A522A2C4A669C0042AA4B /* SearchResponse.swift */; };
		055A522D2C4A66B60042AA4B /* NewsStory.swift in Sources */ = {isa = PBXBuildFile; fileRef = 055A522C2C4A66B60042AA4B /* NewsStory.swift */; };
		055A522F2C4A66D40042AA4B /* MarketDataResponse.swift in Sources */ = {isa = PBXBuildFile; fileRef = 055A522E2C4A66D40042AA4B /* MarketDataResponse.swift */; };
		055A52312C4A67120042AA4B /* FinancialMetricsResponse.swift in Sources */ = {isa = PBXBuildFile; fileRef = 055A52302C4A67120042AA4B /* FinancialMetricsResponse.swift */; };
		055A52342C4A68DA0042AA4B /* SDWebImage in Frameworks */ = {isa = PBXBuildFile; productRef = 055A52332C4A68DA0042AA4B /* SDWebImage */; };
		055A52362C4A68DA0042AA4B /* SDWebImageMapKit in Frameworks */ = {isa = PBXBuildFile; productRef = 055A52352C4A68DA0042AA4B /* SDWebImageMapKit */; };
		055A52392C4A69C60042AA4B /* FloatingPanel in Frameworks */ = {isa = PBXBuildFile; productRef = 055A52382C4A69C60042AA4B /* FloatingPanel */; };
/* End PBXBuildFile section */

/* Begin PBXContainerItemProxy section */
		055A51EB2C4A629E0042AA4B /* PBXContainerItemProxy */ = {
			isa = PBXContainerItemProxy;
			containerPortal = 055A51C92C4A629C0042AA4B /* Project object */;
			proxyType = 1;
			remoteGlobalIDString = 055A51D02C4A629C0042AA4B;
			remoteInfo = Cryptic;
		};
		055A51F52C4A629E0042AA4B /* PBXContainerItemProxy */ = {
			isa = PBXContainerItemProxy;
			containerPortal = 055A51C92C4A629C0042AA4B /* Project object */;
			proxyType = 1;
			remoteGlobalIDString = 055A51D02C4A629C0042AA4B;
			remoteInfo = Cryptic;
		};
/* End PBXContainerItemProxy section */

/* Begin PBXFileReference section */
		055A51D12C4A629C0042AA4B /* Cryptic.app */ = {isa = PBXFileReference; explicitFileType = wrapper.application; includeInIndex = 0; path = Cryptic.app; sourceTree = BUILT_PRODUCTS_DIR; };
		055A51D42C4A629C0042AA4B /* AppDelegate.swift */ = {isa = PBXFileReference; lastKnownFileType = sourcecode.swift; path = AppDelegate.swift; sourceTree = "<group>"; };
		055A51D62C4A629C0042AA4B /* SceneDelegate.swift */ = {isa = PBXFileReference; lastKnownFileType = sourcecode.swift; path = SceneDelegate.swift; sourceTree = "<group>"; };
		055A51D82C4A629C0042AA4B /* ViewController.swift */ = {isa = PBXFileReference; lastKnownFileType = sourcecode.swift; path = ViewController.swift; sourceTree = "<group>"; };
		055A51DE2C4A629C0042AA4B /* Cryptic.xcdatamodel */ = {isa = PBXFileReference; lastKnownFileType = wrapper.xcdatamodel; path = Cryptic.xcdatamodel; sourceTree = "<group>"; };
		055A51E02C4A629E0042AA4B /* Assets.xcassets */ = {isa = PBXFileReference; lastKnownFileType = folder.assetcatalog; path = Assets.xcassets; sourceTree = "<group>"; };
		055A51E32C4A629E0042AA4B /* Base */ = {isa = PBXFileReference; lastKnownFileType = file.storyboard; name = Base; path = Base.lproj/LaunchScreen.storyboard; sourceTree = "<group>"; };
		055A51E52C4A629E0042AA4B /* Info.plist */ = {isa = PBXFileReference; lastKnownFileType = text.plist.xml; path = Info.plist; sourceTree = "<group>"; };
		055A51EA2C4A629E0042AA4B /* CrypticTests.xctest */ = {isa = PBXFileReference; explicitFileType = wrapper.cfbundle; includeInIndex = 0; path = CrypticTests.xctest; sourceTree = BUILT_PRODUCTS_DIR; };
		055A51EE2C4A629E0042AA4B /* CrypticTests.swift */ = {isa = PBXFileReference; lastKnownFileType = sourcecode.swift; path = CrypticTests.swift; sourceTree = "<group>"; };
		055A51F42C4A629E0042AA4B /* CrypticUITests.xctest */ = {isa = PBXFileReference; explicitFileType = wrapper.cfbundle; includeInIndex = 0; path = CrypticUITests.xctest; sourceTree = BUILT_PRODUCTS_DIR; };
		055A51F82C4A629E0042AA4B /* CrypticUITests.swift */ = {isa = PBXFileReference; lastKnownFileType = sourcecode.swift; path = CrypticUITests.swift; sourceTree = "<group>"; };
		055A51FA2C4A629E0042AA4B /* CrypticUITestsLaunchTests.swift */ = {isa = PBXFileReference; lastKnownFileType = sourcecode.swift; path = CrypticUITestsLaunchTests.swift; sourceTree = "<group>"; };
		055A520B2C4A63970042AA4B /* APICaller.swift */ = {isa = PBXFileReference; lastKnownFileType = sourcecode.swift; path = APICaller.swift; sourceTree = "<group>"; };
		055A520E2C4A63F40042AA4B /* Extensions.swift */ = {isa = PBXFileReference; lastKnownFileType = sourcecode.swift; path = Extensions.swift; sourceTree = "<group>"; };
		055A52102C4A64240042AA4B /* Persistence Manager.swift */ = {isa = PBXFileReference; lastKnownFileType = sourcecode.swift; path = "Persistence Manager.swift"; sourceTree = "<group>"; };
		055A52122C4A64400042AA4B /* HapticsManager.swift */ = {isa = PBXFileReference; lastKnownFileType = sourcecode.swift; path = HapticsManager.swift; sourceTree = "<group>"; };
		055A52142C4A645D0042AA4B /* WatchListViewController.swift */ = {isa = PBXFileReference; lastKnownFileType = sourcecode.swift; path = WatchListViewController.swift; sourceTree = "<group>"; };
		055A52162C4A648E0042AA4B /* NewsViewController.swift */ = {isa = PBXFileReference; lastKnownFileType = sourcecode.swift; path = NewsViewController.swift; sourceTree = "<group>"; };
		055A52182C4A64A70042AA4B /* SearchResultsViewController.swift */ = {isa = PBXFileReference; lastKnownFileType = sourcecode.swift; path = SearchResultsViewController.swift; sourceTree = "<group>"; };
		055A521A2C4A64B70042AA4B /* StockDetailsViewController.swift */ = {isa = PBXFileReference; lastKnownFileType = sourcecode.swift; path = StockDetailsViewController.swift; sourceTree = "<group>"; };
		055A521C2C4A65CE0042AA4B /* SearchResultTableViewCell.swift */ = {isa = PBXFileReference; lastKnownFileType = sourcecode.swift; path = SearchResultTableViewCell.swift; sourceTree = "<group>"; };
		055A521E2C4A65EC0042AA4B /* NewsHeaderView.swift */ = {isa = PBXFileReference; lastKnownFileType = sourcecode.swift; path = NewsHeaderView.swift; sourceTree = "<group>"; };
		055A52202C4A66070042AA4B /* NewsStoryTableViewCell.swift */ = {isa = PBXFileReference; lastKnownFileType = sourcecode.swift; path = NewsStoryTableViewCell.swift; sourceTree = "<group>"; };
		055A52222C4A662C0042AA4B /* WatchListTableViewCell.swift */ = {isa = PBXFileReference; lastKnownFileType = sourcecode.swift; path = WatchListTableViewCell.swift; sourceTree = "<group>"; };
		055A52242C4A664A0042AA4B /* StockChartView.swift */ = {isa = PBXFileReference; lastKnownFileType = sourcecode.swift; path = StockChartView.swift; sourceTree = "<group>"; };
		055A52262C4A666A0042AA4B /* StockDetailHeaderView.swift */ = {isa = PBXFileReference; lastKnownFileType = sourcecode.swift; path = StockDetailHeaderView.swift; sourceTree = "<group>"; };
		055A52282C4A66810042AA4B /* MetricCollectionViewCell.swift */ = {isa = PBXFileReference; lastKnownFileType = sourcecode.swift; path = MetricCollectionViewCell.swift; sourceTree = "<group>"; };
		055A522A2C4A669C0042AA4B /* SearchResponse.swift */ = {isa = PBXFileReference; lastKnownFileType = sourcecode.swift; path = SearchResponse.swift; sourceTree = "<group>"; };
		055A522C2C4A66B60042AA4B /* NewsStory.swift */ = {isa = PBXFileReference; lastKnownFileType = sourcecode.swift; path = NewsStory.swift; sourceTree = "<group>"; };
		055A522E2C4A66D40042AA4B /* MarketDataResponse.swift */ = {isa = PBXFileReference; lastKnownFileType = sourcecode.swift; path = MarketDataResponse.swift; sourceTree = "<group>"; };
		055A52302C4A67120042AA4B /* FinancialMetricsResponse.swift */ = {isa = PBXFileReference; lastKnownFileType = sourcecode.swift; path = FinancialMetricsResponse.swift; sourceTree = "<group>"; };
/* End PBXFileReference section */

/* Begin PBXFrameworksBuildPhase section */
		055A51CE2C4A629C0042AA4B /* Frameworks */ = {
			isa = PBXFrameworksBuildPhase;
			buildActionMask = 2147483647;
			files = (
				055A52392C4A69C60042AA4B /* FloatingPanel in Frameworks */,
				055A52362C4A68DA0042AA4B /* SDWebImageMapKit in Frameworks */,
				055A52342C4A68DA0042AA4B /* SDWebImage in Frameworks */,
			);
			runOnlyForDeploymentPostprocessing = 0;
		};
		055A51E72C4A629E0042AA4B /* Frameworks */ = {
			isa = PBXFrameworksBuildPhase;
			buildActionMask = 2147483647;
			files = (
			);
			runOnlyForDeploymentPostprocessing = 0;
		};
		055A51F12C4A629E0042AA4B /* Frameworks */ = {
			isa = PBXFrameworksBuildPhase;
			buildActionMask = 2147483647;
			files = (
			);
			runOnlyForDeploymentPostprocessing = 0;
		};
/* End PBXFrameworksBuildPhase section */

/* Begin PBXGroup section */
		055A51C82C4A629C0042AA4B = {
			isa = PBXGroup;
			children = (
				055A51D32C4A629C0042AA4B /* Cryptic */,
				055A51ED2C4A629E0042AA4B /* CrypticTests */,
				055A51F72C4A629E0042AA4B /* CrypticUITests */,
				055A51D22C4A629C0042AA4B /* Products */,
			);
			sourceTree = "<group>";
		};
		055A51D22C4A629C0042AA4B /* Products */ = {
			isa = PBXGroup;
			children = (
				055A51D12C4A629C0042AA4B /* Cryptic.app */,
				055A51EA2C4A629E0042AA4B /* CrypticTests.xctest */,
				055A51F42C4A629E0042AA4B /* CrypticUITests.xctest */,
			);
			name = Products;
			sourceTree = "<group>";
		};
		055A51D32C4A629C0042AA4B /* Cryptic */ = {
			isa = PBXGroup;
			children = (
				055A520D2C4A63C40042AA4B /* Others */,
				055A520A2C4A636E0042AA4B /* Models */,
				055A52092C4A63630042AA4B /* Views */,
				055A52082C4A634E0042AA4B /* Controllers */,
				055A52072C4A63440042AA4B /* Managers */,
				055A51D82C4A629C0042AA4B /* ViewController.swift */,
				055A51E02C4A629E0042AA4B /* Assets.xcassets */,
				055A51E22C4A629E0042AA4B /* LaunchScreen.storyboard */,
				055A51E52C4A629E0042AA4B /* Info.plist */,
				055A51DD2C4A629C0042AA4B /* Cryptic.xcdatamodeld */,
			);
			path = Cryptic;
			sourceTree = "<group>";
		};
		055A51ED2C4A629E0042AA4B /* CrypticTests */ = {
			isa = PBXGroup;
			children = (
				055A51EE2C4A629E0042AA4B /* CrypticTests.swift */,
			);
			path = CrypticTests;
			sourceTree = "<group>";
		};
		055A51F72C4A629E0042AA4B /* CrypticUITests */ = {
			isa = PBXGroup;
			children = (
				055A51F82C4A629E0042AA4B /* CrypticUITests.swift */,
				055A51FA2C4A629E0042AA4B /* CrypticUITestsLaunchTests.swift */,
			);
			path = CrypticUITests;
			sourceTree = "<group>";
		};
		055A52072C4A63440042AA4B /* Managers */ = {
			isa = PBXGroup;
			children = (
				055A520B2C4A63970042AA4B /* APICaller.swift */,
				055A52102C4A64240042AA4B /* Persistence Manager.swift */,
				055A52122C4A64400042AA4B /* HapticsManager.swift */,
			);
			path = Managers;
			sourceTree = "<group>";
		};
		055A52082C4A634E0042AA4B /* Controllers */ = {
			isa = PBXGroup;
			children = (
				055A52142C4A645D0042AA4B /* WatchListViewController.swift */,
				055A52162C4A648E0042AA4B /* NewsViewController.swift */,
				055A52182C4A64A70042AA4B /* SearchResultsViewController.swift */,
				055A521A2C4A64B70042AA4B /* StockDetailsViewController.swift */,
			);
			path = Controllers;
			sourceTree = "<group>";
		};
		055A52092C4A63630042AA4B /* Views */ = {
			isa = PBXGroup;
			children = (
				055A521C2C4A65CE0042AA4B /* SearchResultTableViewCell.swift */,
				055A521E2C4A65EC0042AA4B /* NewsHeaderView.swift */,
				055A52202C4A66070042AA4B /* NewsStoryTableViewCell.swift */,
				055A52222C4A662C0042AA4B /* WatchListTableViewCell.swift */,
				055A52242C4A664A0042AA4B /* StockChartView.swift */,
				055A52262C4A666A0042AA4B /* StockDetailHeaderView.swift */,
				055A52282C4A66810042AA4B /* MetricCollectionViewCell.swift */,
			);
			path = Views;
			sourceTree = "<group>";
		};
		055A520A2C4A636E0042AA4B /* Models */ = {
			isa = PBXGroup;
			children = (
				055A522A2C4A669C0042AA4B /* SearchResponse.swift */,
				055A522C2C4A66B60042AA4B /* NewsStory.swift */,
				055A522E2C4A66D40042AA4B /* MarketDataResponse.swift */,
				055A52302C4A67120042AA4B /* FinancialMetricsResponse.swift */,
			);
			path = Models;
			sourceTree = "<group>";
		};
		055A520D2C4A63C40042AA4B /* Others */ = {
			isa = PBXGroup;
			children = (
				055A51D62C4A629C0042AA4B /* SceneDelegate.swift */,
				055A51D42C4A629C0042AA4B /* AppDelegate.swift */,
				055A520E2C4A63F40042AA4B /* Extensions.swift */,
			);
			path = Others;
			sourceTree = "<group>";
		};
/* End PBXGroup section */

/* Begin PBXNativeTarget section */
		055A51D02C4A629C0042AA4B /* Cryptic */ = {
			isa = PBXNativeTarget;
			buildConfigurationList = 055A51FE2C4A629E0042AA4B /* Build configuration list for PBXNativeTarget "Cryptic" */;
			buildPhases = (
				055A51CD2C4A629C0042AA4B /* Sources */,
				055A51CE2C4A629C0042AA4B /* Frameworks */,
				055A51CF2C4A629C0042AA4B /* Resources */,
			);
			buildRules = (
			);
			dependencies = (
			);
			name = Cryptic;
			packageProductDependencies = (
				055A52332C4A68DA0042AA4B /* SDWebImage */,
				055A52352C4A68DA0042AA4B /* SDWebImageMapKit */,
				055A52382C4A69C60042AA4B /* FloatingPanel */,
			);
			productName = Cryptic;
			productReference = 055A51D12C4A629C0042AA4B /* Cryptic.app */;
			productType = "com.apple.product-type.application";
		};
		055A51E92C4A629E0042AA4B /* CrypticTests */ = {
			isa = PBXNativeTarget;
			buildConfigurationList = 055A52012C4A629E0042AA4B /* Build configuration list for PBXNativeTarget "CrypticTests" */;
			buildPhases = (
				055A51E62C4A629E0042AA4B /* Sources */,
				055A51E72C4A629E0042AA4B /* Frameworks */,
				055A51E82C4A629E0042AA4B /* Resources */,
			);
			buildRules = (
			);
			dependencies = (
				055A51EC2C4A629E0042AA4B /* PBXTargetDependency */,
			);
			name = CrypticTests;
			productName = CrypticTests;
			productReference = 055A51EA2C4A629E0042AA4B /* CrypticTests.xctest */;
			productType = "com.apple.product-type.bundle.unit-test";
		};
		055A51F32C4A629E0042AA4B /* CrypticUITests */ = {
			isa = PBXNativeTarget;
			buildConfigurationList = 055A52042C4A629E0042AA4B /* Build configuration list for PBXNativeTarget "CrypticUITests" */;
			buildPhases = (
				055A51F02C4A629E0042AA4B /* Sources */,
				055A51F12C4A629E0042AA4B /* Frameworks */,
				055A51F22C4A629E0042AA4B /* Resources */,
			);
			buildRules = (
			);
			dependencies = (
				055A51F62C4A629E0042AA4B /* PBXTargetDependency */,
			);
			name = CrypticUITests;
			productName = CrypticUITests;
			productReference = 055A51F42C4A629E0042AA4B /* CrypticUITests.xctest */;
			productType = "com.apple.product-type.bundle.ui-testing";
		};
/* End PBXNativeTarget section */

/* Begin PBXProject section */
		055A51C92C4A629C0042AA4B /* Project object */ = {
			isa = PBXProject;
			attributes = {
				BuildIndependentTargetsInParallel = 1;
				LastSwiftUpdateCheck = 1430;
				LastUpgradeCheck = 1430;
				TargetAttributes = {
					055A51D02C4A629C0042AA4B = {
						CreatedOnToolsVersion = 14.3;
					};
					055A51E92C4A629E0042AA4B = {
						CreatedOnToolsVersion = 14.3;
						TestTargetID = 055A51D02C4A629C0042AA4B;
					};
					055A51F32C4A629E0042AA4B = {
						CreatedOnToolsVersion = 14.3;
						TestTargetID = 055A51D02C4A629C0042AA4B;
					};
				};
			};
			buildConfigurationList = 055A51CC2C4A629C0042AA4B /* Build configuration list for PBXProject "Cryptic" */;
			compatibilityVersion = "Xcode 14.0";
			developmentRegion = en;
			hasScannedForEncodings = 0;
			knownRegions = (
				en,
				Base,
			);
			mainGroup = 055A51C82C4A629C0042AA4B;
			packageReferences = (
				055A52322C4A68DA0042AA4B /* XCRemoteSwiftPackageReference "SDWebImage" */,
				055A52372C4A69C60042AA4B /* XCRemoteSwiftPackageReference "FloatingPanel" */,
			);
			productRefGroup = 055A51D22C4A629C0042AA4B /* Products */;
			projectDirPath = "";
			projectRoot = "";
			targets = (
				055A51D02C4A629C0042AA4B /* Cryptic */,
				055A51E92C4A629E0042AA4B /* CrypticTests */,
				055A51F32C4A629E0042AA4B /* CrypticUITests */,
			);
		};
/* End PBXProject section */

/* Begin PBXResourcesBuildPhase section */
		055A51CF2C4A629C0042AA4B /* Resources */ = {
			isa = PBXResourcesBuildPhase;
			buildActionMask = 2147483647;
			files = (
				055A51E42C4A629E0042AA4B /* LaunchScreen.storyboard in Resources */,
				055A51E12C4A629E0042AA4B /* Assets.xcassets in Resources */,
			);
			runOnlyForDeploymentPostprocessing = 0;
		};
		055A51E82C4A629E0042AA4B /* Resources */ = {
			isa = PBXResourcesBuildPhase;
			buildActionMask = 2147483647;
			files = (
			);
			runOnlyForDeploymentPostprocessing = 0;
		};
		055A51F22C4A629E0042AA4B /* Resources */ = {
			isa = PBXResourcesBuildPhase;
			buildActionMask = 2147483647;
			files = (
			);
			runOnlyForDeploymentPostprocessing = 0;
		};
/* End PBXResourcesBuildPhase section */

/* Begin PBXSourcesBuildPhase section */
		055A51CD2C4A629C0042AA4B /* Sources */ = {
			isa = PBXSourcesBuildPhase;
			buildActionMask = 2147483647;
			files = (
				055A521B2C4A64B70042AA4B /* StockDetailsViewController.swift in Sources */,
				055A51D92C4A629C0042AA4B /* ViewController.swift in Sources */,
				055A52112C4A64240042AA4B /* Persistence Manager.swift in Sources */,
				055A52272C4A666A0042AA4B /* StockDetailHeaderView.swift in Sources */,
				055A520F2C4A63F40042AA4B /* Extensions.swift in Sources */,
				055A52192C4A64A70042AA4B /* SearchResultsViewController.swift in Sources */,
				055A52292C4A66810042AA4B /* MetricCollectionViewCell.swift in Sources */,
				055A52172C4A648E0042AA4B /* NewsViewController.swift in Sources */,
				055A521F2C4A65EC0042AA4B /* NewsHeaderView.swift in Sources */,
				055A51D52C4A629C0042AA4B /* AppDelegate.swift in Sources */,
				055A52312C4A67120042AA4B /* FinancialMetricsResponse.swift in Sources */,
				055A52212C4A66070042AA4B /* NewsStoryTableViewCell.swift in Sources */,
				055A51DF2C4A629C0042AA4B /* Cryptic.xcdatamodeld in Sources */,
				055A52252C4A664A0042AA4B /* StockChartView.swift in Sources */,
				055A522D2C4A66B60042AA4B /* NewsStory.swift in Sources */,
				055A520C2C4A63970042AA4B /* APICaller.swift in Sources */,
				055A52132C4A64400042AA4B /* HapticsManager.swift in Sources */,
				055A52152C4A645D0042AA4B /* WatchListViewController.swift in Sources */,
				055A522B2C4A669C0042AA4B /* SearchResponse.swift in Sources */,
				055A52232C4A662C0042AA4B /* WatchListTableViewCell.swift in Sources */,
				055A521D2C4A65CE0042AA4B /* SearchResultTableViewCell.swift in Sources */,
				055A522F2C4A66D40042AA4B /* MarketDataResponse.swift in Sources */,
				055A51D72C4A629C0042AA4B /* SceneDelegate.swift in Sources */,
			);
			runOnlyForDeploymentPostprocessing = 0;
		};
		055A51E62C4A629E0042AA4B /* Sources */ = {
			isa = PBXSourcesBuildPhase;
			buildActionMask = 2147483647;
			files = (
				055A51EF2C4A629E0042AA4B /* CrypticTests.swift in Sources */,
			);
			runOnlyForDeploymentPostprocessing = 0;
		};
		055A51F02C4A629E0042AA4B /* Sources */ = {
			isa = PBXSourcesBuildPhase;
			buildActionMask = 2147483647;
			files = (
				055A51F92C4A629E0042AA4B /* CrypticUITests.swift in Sources */,
				055A51FB2C4A629E0042AA4B /* CrypticUITestsLaunchTests.swift in Sources */,
			);
			runOnlyForDeploymentPostprocessing = 0;
		};
/* End PBXSourcesBuildPhase section */

/* Begin PBXTargetDependency section */
		055A51EC2C4A629E0042AA4B /* PBXTargetDependency */ = {
			isa = PBXTargetDependency;
			target = 055A51D02C4A629C0042AA4B /* Cryptic */;
			targetProxy = 055A51EB2C4A629E0042AA4B /* PBXContainerItemProxy */;
		};
		055A51F62C4A629E0042AA4B /* PBXTargetDependency */ = {
			isa = PBXTargetDependency;
			target = 055A51D02C4A629C0042AA4B /* Cryptic */;
			targetProxy = 055A51F52C4A629E0042AA4B /* PBXContainerItemProxy */;
		};
/* End PBXTargetDependency section */

/* Begin PBXVariantGroup section */
		055A51E22C4A629E0042AA4B /* LaunchScreen.storyboard */ = {
			isa = PBXVariantGroup;
			children = (
				055A51E32C4A629E0042AA4B /* Base */,
			);
			name = LaunchScreen.storyboard;
			sourceTree = "<group>";
		};
/* End PBXVariantGroup section */

/* Begin XCBuildConfiguration section */
		055A51FC2C4A629E0042AA4B /* Debug */ = {
			isa = XCBuildConfiguration;
			buildSettings = {
				ALWAYS_SEARCH_USER_PATHS = NO;
				CLANG_ANALYZER_NONNULL = YES;
				CLANG_ANALYZER_NUMBER_OBJECT_CONVERSION = YES_AGGRESSIVE;
				CLANG_CXX_LANGUAGE_STANDARD = "gnu++20";
				CLANG_ENABLE_MODULES = YES;
				CLANG_ENABLE_OBJC_ARC = YES;
				CLANG_ENABLE_OBJC_WEAK = YES;
				CLANG_WARN_BLOCK_CAPTURE_AUTORELEASING = YES;
				CLANG_WARN_BOOL_CONVERSION = YES;
				CLANG_WARN_COMMA = YES;
				CLANG_WARN_CONSTANT_CONVERSION = YES;
				CLANG_WARN_DEPRECATED_OBJC_IMPLEMENTATIONS = YES;
				CLANG_WARN_DIRECT_OBJC_ISA_USAGE = YES_ERROR;
				CLANG_WARN_DOCUMENTATION_COMMENTS = YES;
				CLANG_WARN_EMPTY_BODY = YES;
				CLANG_WARN_ENUM_CONVERSION = YES;
				CLANG_WARN_INFINITE_RECURSION = YES;
				CLANG_WARN_INT_CONVERSION = YES;
				CLANG_WARN_NON_LITERAL_NULL_CONVERSION = YES;
				CLANG_WARN_OBJC_IMPLICIT_RETAIN_SELF = YES;
				CLANG_WARN_OBJC_LITERAL_CONVERSION = YES;
				CLANG_WARN_OBJC_ROOT_CLASS = YES_ERROR;
				CLANG_WARN_QUOTED_INCLUDE_IN_FRAMEWORK_HEADER = YES;
				CLANG_WARN_RANGE_LOOP_ANALYSIS = YES;
				CLANG_WARN_STRICT_PROTOTYPES = YES;
				CLANG_WARN_SUSPICIOUS_MOVE = YES;
				CLANG_WARN_UNGUARDED_AVAILABILITY = YES_AGGRESSIVE;
				CLANG_WARN_UNREACHABLE_CODE = YES;
				CLANG_WARN__DUPLICATE_METHOD_MATCH = YES;
				COPY_PHASE_STRIP = NO;
				DEBUG_INFORMATION_FORMAT = dwarf;
				ENABLE_STRICT_OBJC_MSGSEND = YES;
				ENABLE_TESTABILITY = YES;
				GCC_C_LANGUAGE_STANDARD = gnu11;
				GCC_DYNAMIC_NO_PIC = NO;
				GCC_NO_COMMON_BLOCKS = YES;
				GCC_OPTIMIZATION_LEVEL = 0;
				GCC_PREPROCESSOR_DEFINITIONS = (
					"DEBUG=1",
					"$(inherited)",
				);
				GCC_WARN_64_TO_32_BIT_CONVERSION = YES;
				GCC_WARN_ABOUT_RETURN_TYPE = YES_ERROR;
				GCC_WARN_UNDECLARED_SELECTOR = YES;
				GCC_WARN_UNINITIALIZED_AUTOS = YES_AGGRESSIVE;
				GCC_WARN_UNUSED_FUNCTION = YES;
				GCC_WARN_UNUSED_VARIABLE = YES;
				IPHONEOS_DEPLOYMENT_TARGET = 16.4;
				MTL_ENABLE_DEBUG_INFO = INCLUDE_SOURCE;
				MTL_FAST_MATH = YES;
				ONLY_ACTIVE_ARCH = YES;
				SDKROOT = iphoneos;
				SWIFT_ACTIVE_COMPILATION_CONDITIONS = DEBUG;
				SWIFT_OPTIMIZATION_LEVEL = "-Onone";
			};
			name = Debug;
		};
		055A51FD2C4A629E0042AA4B /* Release */ = {
			isa = XCBuildConfiguration;
			buildSettings = {
				ALWAYS_SEARCH_USER_PATHS = NO;
				CLANG_ANALYZER_NONNULL = YES;
				CLANG_ANALYZER_NUMBER_OBJECT_CONVERSION = YES_AGGRESSIVE;
				CLANG_CXX_LANGUAGE_STANDARD = "gnu++20";
				CLANG_ENABLE_MODULES = YES;
				CLANG_ENABLE_OBJC_ARC = YES;
				CLANG_ENABLE_OBJC_WEAK = YES;
				CLANG_WARN_BLOCK_CAPTURE_AUTORELEASING = YES;
				CLANG_WARN_BOOL_CONVERSION = YES;
				CLANG_WARN_COMMA = YES;
				CLANG_WARN_CONSTANT_CONVERSION = YES;
				CLANG_WARN_DEPRECATED_OBJC_IMPLEMENTATIONS = YES;
				CLANG_WARN_DIRECT_OBJC_ISA_USAGE = YES_ERROR;
				CLANG_WARN_DOCUMENTATION_COMMENTS = YES;
				CLANG_WARN_EMPTY_BODY = YES;
				CLANG_WARN_ENUM_CONVERSION = YES;
				CLANG_WARN_INFINITE_RECURSION = YES;
				CLANG_WARN_INT_CONVERSION = YES;
				CLANG_WARN_NON_LITERAL_NULL_CONVERSION = YES;
				CLANG_WARN_OBJC_IMPLICIT_RETAIN_SELF = YES;
				CLANG_WARN_OBJC_LITERAL_CONVERSION = YES;
				CLANG_WARN_OBJC_ROOT_CLASS = YES_ERROR;
				CLANG_WARN_QUOTED_INCLUDE_IN_FRAMEWORK_HEADER = YES;
				CLANG_WARN_RANGE_LOOP_ANALYSIS = YES;
				CLANG_WARN_STRICT_PROTOTYPES = YES;
				CLANG_WARN_SUSPICIOUS_MOVE = YES;
				CLANG_WARN_UNGUARDED_AVAILABILITY = YES_AGGRESSIVE;
				CLANG_WARN_UNREACHABLE_CODE = YES;
				CLANG_WARN__DUPLICATE_METHOD_MATCH = YES;
				COPY_PHASE_STRIP = NO;
				DEBUG_INFORMATION_FORMAT = "dwarf-with-dsym";
				ENABLE_NS_ASSERTIONS = NO;
				ENABLE_STRICT_OBJC_MSGSEND = YES;
				GCC_C_LANGUAGE_STANDARD = gnu11;
				GCC_NO_COMMON_BLOCKS = YES;
				GCC_WARN_64_TO_32_BIT_CONVERSION = YES;
				GCC_WARN_ABOUT_RETURN_TYPE = YES_ERROR;
				GCC_WARN_UNDECLARED_SELECTOR = YES;
				GCC_WARN_UNINITIALIZED_AUTOS = YES_AGGRESSIVE;
				GCC_WARN_UNUSED_FUNCTION = YES;
				GCC_WARN_UNUSED_VARIABLE = YES;
				IPHONEOS_DEPLOYMENT_TARGET = 16.4;
				MTL_ENABLE_DEBUG_INFO = NO;
				MTL_FAST_MATH = YES;
				SDKROOT = iphoneos;
				SWIFT_COMPILATION_MODE = wholemodule;
				SWIFT_OPTIMIZATION_LEVEL = "-O";
				VALIDATE_PRODUCT = YES;
			};
			name = Release;
		};
		055A51FF2C4A629E0042AA4B /* Debug */ = {
			isa = XCBuildConfiguration;
			buildSettings = {
				ASSETCATALOG_COMPILER_APPICON_NAME = AppIcon;
				ASSETCATALOG_COMPILER_GLOBAL_ACCENT_COLOR_NAME = AccentColor;
				CODE_SIGN_STYLE = Automatic;
				CURRENT_PROJECT_VERSION = 1;
				DEVELOPMENT_TEAM = TN8F86PNVM;
				GENERATE_INFOPLIST_FILE = YES;
				INFOPLIST_FILE = Cryptic/Info.plist;
				INFOPLIST_KEY_UIApplicationSupportsIndirectInputEvents = YES;
				INFOPLIST_KEY_UILaunchStoryboardName = LaunchScreen;
				INFOPLIST_KEY_UISupportedInterfaceOrientations_iPad = "UIInterfaceOrientationPortrait UIInterfaceOrientationPortraitUpsideDown UIInterfaceOrientationLandscapeLeft UIInterfaceOrientationLandscapeRight";
				INFOPLIST_KEY_UISupportedInterfaceOrientations_iPhone = "UIInterfaceOrientationPortrait UIInterfaceOrientationLandscapeLeft UIInterfaceOrientationLandscapeRight";
				LD_RUNPATH_SEARCH_PATHS = (
					"$(inherited)",
					"@executable_path/Frameworks",
				);
				MARKETING_VERSION = 1.0;
				PRODUCT_BUNDLE_IDENTIFIER = com.kibichy.Cryptic;
				PRODUCT_NAME = "$(TARGET_NAME)";
				SWIFT_EMIT_LOC_STRINGS = YES;
				SWIFT_VERSION = 5.0;
				TARGETED_DEVICE_FAMILY = "1,2";
			};
			name = Debug;
		};
		055A52002C4A629E0042AA4B /* Release */ = {
			isa = XCBuildConfiguration;
			buildSettings = {
				ASSETCATALOG_COMPILER_APPICON_NAME = AppIcon;
				ASSETCATALOG_COMPILER_GLOBAL_ACCENT_COLOR_NAME = AccentColor;
				CODE_SIGN_STYLE = Automatic;
				CURRENT_PROJECT_VERSION = 1;
				DEVELOPMENT_TEAM = TN8F86PNVM;
				GENERATE_INFOPLIST_FILE = YES;
				INFOPLIST_FILE = Cryptic/Info.plist;
				INFOPLIST_KEY_UIApplicationSupportsIndirectInputEvents = YES;
				INFOPLIST_KEY_UILaunchStoryboardName = LaunchScreen;
				INFOPLIST_KEY_UISupportedInterfaceOrientations_iPad = "UIInterfaceOrientationPortrait UIInterfaceOrientationPortraitUpsideDown UIInterfaceOrientationLandscapeLeft UIInterfaceOrientationLandscapeRight";
				INFOPLIST_KEY_UISupportedInterfaceOrientations_iPhone = "UIInterfaceOrientationPortrait UIInterfaceOrientationLandscapeLeft UIInterfaceOrientationLandscapeRight";
				LD_RUNPATH_SEARCH_PATHS = (
					"$(inherited)",
					"@executable_path/Frameworks",
				);
				MARKETING_VERSION = 1.0;
				PRODUCT_BUNDLE_IDENTIFIER = com.kibichy.Cryptic;
				PRODUCT_NAME = "$(TARGET_NAME)";
				SWIFT_EMIT_LOC_STRINGS = YES;
				SWIFT_VERSION = 5.0;
				TARGETED_DEVICE_FAMILY = "1,2";
			};
			name = Release;
		};
		055A52022C4A629E0042AA4B /* Debug */ = {
			isa = XCBuildConfiguration;
			buildSettings = {
				ALWAYS_EMBED_SWIFT_STANDARD_LIBRARIES = YES;
				BUNDLE_LOADER = "$(TEST_HOST)";
				CODE_SIGN_STYLE = Automatic;
				CURRENT_PROJECT_VERSION = 1;
				DEVELOPMENT_TEAM = TN8F86PNVM;
				GENERATE_INFOPLIST_FILE = YES;
				IPHONEOS_DEPLOYMENT_TARGET = 16.4;
				MARKETING_VERSION = 1.0;
				PRODUCT_BUNDLE_IDENTIFIER = com.kibichy.CrypticTests;
				PRODUCT_NAME = "$(TARGET_NAME)";
				SWIFT_EMIT_LOC_STRINGS = NO;
				SWIFT_VERSION = 5.0;
				TARGETED_DEVICE_FAMILY = "1,2";
				TEST_HOST = "$(BUILT_PRODUCTS_DIR)/Cryptic.app/$(BUNDLE_EXECUTABLE_FOLDER_PATH)/Cryptic";
			};
			name = Debug;
		};
		055A52032C4A629E0042AA4B /* Release */ = {
			isa = XCBuildConfiguration;
			buildSettings = {
				ALWAYS_EMBED_SWIFT_STANDARD_LIBRARIES = YES;
				BUNDLE_LOADER = "$(TEST_HOST)";
				CODE_SIGN_STYLE = Automatic;
				CURRENT_PROJECT_VERSION = 1;
				DEVELOPMENT_TEAM = TN8F86PNVM;
				GENERATE_INFOPLIST_FILE = YES;
				IPHONEOS_DEPLOYMENT_TARGET = 16.4;
				MARKETING_VERSION = 1.0;
				PRODUCT_BUNDLE_IDENTIFIER = com.kibichy.CrypticTests;
				PRODUCT_NAME = "$(TARGET_NAME)";
				SWIFT_EMIT_LOC_STRINGS = NO;
				SWIFT_VERSION = 5.0;
				TARGETED_DEVICE_FAMILY = "1,2";
				TEST_HOST = "$(BUILT_PRODUCTS_DIR)/Cryptic.app/$(BUNDLE_EXECUTABLE_FOLDER_PATH)/Cryptic";
			};
			name = Release;
		};
		055A52052C4A629E0042AA4B /* Debug */ = {
			isa = XCBuildConfiguration;
			buildSettings = {
				ALWAYS_EMBED_SWIFT_STANDARD_LIBRARIES = YES;
				CODE_SIGN_STYLE = Automatic;
				CURRENT_PROJECT_VERSION = 1;
				DEVELOPMENT_TEAM = TN8F86PNVM;
				GENERATE_INFOPLIST_FILE = YES;
				MARKETING_VERSION = 1.0;
				PRODUCT_BUNDLE_IDENTIFIER = com.kibichy.CrypticUITests;
				PRODUCT_NAME = "$(TARGET_NAME)";
				SWIFT_EMIT_LOC_STRINGS = NO;
				SWIFT_VERSION = 5.0;
				TARGETED_DEVICE_FAMILY = "1,2";
				TEST_TARGET_NAME = Cryptic;
			};
			name = Debug;
		};
		055A52062C4A629E0042AA4B /* Release */ = {
			isa = XCBuildConfiguration;
			buildSettings = {
				ALWAYS_EMBED_SWIFT_STANDARD_LIBRARIES = YES;
				CODE_SIGN_STYLE = Automatic;
				CURRENT_PROJECT_VERSION = 1;
				DEVELOPMENT_TEAM = TN8F86PNVM;
				GENERATE_INFOPLIST_FILE = YES;
				MARKETING_VERSION = 1.0;
				PRODUCT_BUNDLE_IDENTIFIER = com.kibichy.CrypticUITests;
				PRODUCT_NAME = "$(TARGET_NAME)";
				SWIFT_EMIT_LOC_STRINGS = NO;
				SWIFT_VERSION = 5.0;
				TARGETED_DEVICE_FAMILY = "1,2";
				TEST_TARGET_NAME = Cryptic;
			};
			name = Release;
		};
/* End XCBuildConfiguration section */

/* Begin XCConfigurationList section */
		055A51CC2C4A629C0042AA4B /* Build configuration list for PBXProject "Cryptic" */ = {
			isa = XCConfigurationList;
			buildConfigurations = (
				055A51FC2C4A629E0042AA4B /* Debug */,
				055A51FD2C4A629E0042AA4B /* Release */,
			);
			defaultConfigurationIsVisible = 0;
			defaultConfigurationName = Release;
		};
		055A51FE2C4A629E0042AA4B /* Build configuration list for PBXNativeTarget "Cryptic" */ = {
			isa = XCConfigurationList;
			buildConfigurations = (
				055A51FF2C4A629E0042AA4B /* Debug */,
				055A52002C4A629E0042AA4B /* Release */,
			);
			defaultConfigurationIsVisible = 0;
			defaultConfigurationName = Release;
		};
		055A52012C4A629E0042AA4B /* Build configuration list for PBXNativeTarget "CrypticTests" */ = {
			isa = XCConfigurationList;
			buildConfigurations = (
				055A52022C4A629E0042AA4B /* Debug */,
				055A52032C4A629E0042AA4B /* Release */,
			);
			defaultConfigurationIsVisible = 0;
			defaultConfigurationName = Release;
		};
		055A52042C4A629E0042AA4B /* Build configuration list for PBXNativeTarget "CrypticUITests" */ = {
			isa = XCConfigurationList;
			buildConfigurations = (
				055A52052C4A629E0042AA4B /* Debug */,
				055A52062C4A629E0042AA4B /* Release */,
			);
			defaultConfigurationIsVisible = 0;
			defaultConfigurationName = Release;
		};
/* End XCConfigurationList section */

/* Begin XCRemoteSwiftPackageReference section */
		055A52322C4A68DA0042AA4B /* XCRemoteSwiftPackageReference "SDWebImage" */ = {
			isa = XCRemoteSwiftPackageReference;
			repositoryURL = "https://github.com/SDWebImage/SDWebImage";
			requirement = {
				kind = upToNextMajorVersion;
				minimumVersion = 5.0.0;
			};
		};
		055A52372C4A69C60042AA4B /* XCRemoteSwiftPackageReference "FloatingPanel" */ = {
			isa = XCRemoteSwiftPackageReference;
			repositoryURL = "https://github.com/scenee/FloatingPanel";
			requirement = {
				kind = upToNextMajorVersion;
				minimumVersion = 2.0.0;
			};
		};
/* End XCRemoteSwiftPackageReference section */

/* Begin XCSwiftPackageProductDependency section */
		055A52332C4A68DA0042AA4B /* SDWebImage */ = {
			isa = XCSwiftPackageProductDependency;
			package = 055A52322C4A68DA0042AA4B /* XCRemoteSwiftPackageReference "SDWebImage" */;
			productName = SDWebImage;
		};
		055A52352C4A68DA0042AA4B /* SDWebImageMapKit */ = {
			isa = XCSwiftPackageProductDependency;
			package = 055A52322C4A68DA0042AA4B /* XCRemoteSwiftPackageReference "SDWebImage" */;
			productName = SDWebImageMapKit;
		};
		055A52382C4A69C60042AA4B /* FloatingPanel */ = {
			isa = XCSwiftPackageProductDependency;
			package = 055A52372C4A69C60042AA4B /* XCRemoteSwiftPackageReference "FloatingPanel" */;
			productName = FloatingPanel;
		};
/* End XCSwiftPackageProductDependency section */

/* Begin XCVersionGroup section */
		055A51DD2C4A629C0042AA4B /* Cryptic.xcdatamodeld */ = {
			isa = XCVersionGroup;
			children = (
				055A51DE2C4A629C0042AA4B /* Cryptic.xcdatamodel */,
			);
			currentVersion = 055A51DE2C4A629C0042AA4B /* Cryptic.xcdatamodel */;
			path = Cryptic.xcdatamodeld;
			sourceTree = "<group>";
			versionGroupType = wrapper.xcdatamodel;
		};
/* End XCVersionGroup section */
	};
	rootObject = 055A51C92C4A629C0042AA4B /* Project object */;
}
